<Solution>
  <Project Path="../VeryLike.Domain/VeryLike.Domain.csproj" Id="5cd9c291-28dd-4c92-af36-3620e9ea40e8">
    <Build Solution="Debug|*" Project="false" />
  </Project>
  <Project Path="../VeryLike.Infrastructure/VeryLike.Infrastructure.csproj" Id="a478cc79-326c-4ea7-aca1-ab7869214ce2" />
  <Project Path="VeryLike.Web.csproj" />
</Solution>
