<Solution>
  <Project Path="../VeryLike.Domain/VeryLike.Domain.csproj" Id="5cd9c291-28dd-4c92-af36-3620e9ea40e8">
    <Build Solution="Debug|*" Project="false" />
  </Project>
  <Project Path="../VeryLike.Infraestructure/VeryLike.Infrastructure.csproj" Id="e10e7ead-32e6-46e2-a3ba-018082c39456" />
  <Project Path="VeryLike.Web.csproj" />
</Solution>
